
Microsoft Visual Studio Solution File, Format Version 12.00
# Visual Studio Version 17
VisualStudioVersion = 17.3.32922.545
MinimumVisualStudioVersion = 10.0.40219.1
Project("{9A19103F-16F7-4668-BE54-9A1E7A4F7556}") = "WeatherForecastAPI", "WeatherForecast\WeatherForecastAPI.csproj", "{23263AA3-F09C-4957-B948-C72BECF621E7}"
EndProject
Project("{2150E333-8FDC-42A3-9474-1A3956D46DE8}") = "APIs", "APIs", "{4FF58268-5CEA-497B-B9C6-5EDCCBB8239F}"
EndProject
Project("{2150E333-8FDC-42A3-9474-1A3956D46DE8}") = "HttpClients", "HttpClients", "{F11C461D-FE83-408A-B559-8DC0682E4AFA}"
EndProject
Project("{9A19103F-16F7-4668-BE54-9A1E7A4F7556}") = "HttpClient", "HttpClient\HttpClient\HttpClient.csproj", "{7E166B6A-D9C6-41B1-AFDE-15931B59F256}"
EndProject
Project("{2150E333-8FDC-42A3-9474-1A3956D46DE8}") = "MessageHandlers", "MessageHandlers", "{AB4017CA-40C7-41DA-ACDE-8EA992D642CA}"
EndProject
Project("{9A19103F-16F7-4668-BE54-9A1E7A4F7556}") = "AlertSender", "AlertSender\AlertSender.csproj", "{AA5C5B97-CE55-4B63-9D5B-81AE2361A3BB}"
EndProject
Project("{2150E333-8FDC-42A3-9474-1A3956D46DE8}") = "RequestInterceptor", "RequestInterceptor", "{D8E79B87-414E-4FA1-94C8-66376C2A2794}"
EndProject
Project("{9A19103F-16F7-4668-BE54-9A1E7A4F7556}") = "RequestInterceptor", "RequestInterceptor\RequestInterceptor.csproj", "{E9316F7E-DA17-43BB-85BF-93747A023F26}"
EndProject
Project("{2150E333-8FDC-42A3-9474-1A3956D46DE8}") = "DataAccess", "DataAccess", "{F6CC59A7-C775-4F48-B2CC-7DE09383A417}"
EndProject
Project("{9A19103F-16F7-4668-BE54-9A1E7A4F7556}") = "DataAccess", "DataAccess\DataAccess.csproj", "{F9F60CBE-0A02-4752-A147-E97F782E6EAE}"
EndProject
Project("{9A19103F-16F7-4668-BE54-9A1E7A4F7556}") = "AlertManagmentAPI", "AlertManagmentAPI\AlertManagmentAPI.csproj", "{11C86F79-D609-470A-8D2D-4269C323E303}"
EndProject
Project("{2150E333-8FDC-42A3-9474-1A3956D46DE8}") = "Auth", "Auth", "{74D04AF6-87EE-4034-85BD-2D402DADD311}"
EndProject
Project("{9A19103F-16F7-4668-BE54-9A1E7A4F7556}") = "Authentification", "Authentification\Authentification.csproj", "{6DB0DA13-FED5-44C6-B0B9-45FD3F5950E9}"
EndProject
Project("{2150E333-8FDC-42A3-9474-1A3956D46DE8}") = "Shared", "Shared", "{8E58BDA1-4A3F-4D93-BBA4-DC3D5F1A2A0B}"
EndProject
Project("{FAE04EC0-301F-11D3-BF4B-00C04F79EFBC}") = "Messages", "Messages\Messages.csproj", "{A98F6A85-4E42-40F6-B068-1AA9CB681C87}"
EndProject
Global
	GlobalSection(SolutionConfigurationPlatforms) = preSolution
		Debug|Any CPU = Debug|Any CPU
		Release|Any CPU = Release|Any CPU
	EndGlobalSection
	GlobalSection(ProjectConfigurationPlatforms) = postSolution
		{23263AA3-F09C-4957-B948-C72BECF621E7}.Debug|Any CPU.ActiveCfg = Debug|Any CPU
		{23263AA3-F09C-4957-B948-C72BECF621E7}.Debug|Any CPU.Build.0 = Debug|Any CPU
		{23263AA3-F09C-4957-B948-C72BECF621E7}.Release|Any CPU.ActiveCfg = Release|Any CPU
		{23263AA3-F09C-4957-B948-C72BECF621E7}.Release|Any CPU.Build.0 = Release|Any CPU
		{7E166B6A-D9C6-41B1-AFDE-15931B59F256}.Debug|Any CPU.ActiveCfg = Debug|Any CPU
		{7E166B6A-D9C6-41B1-AFDE-15931B59F256}.Debug|Any CPU.Build.0 = Debug|Any CPU
		{7E166B6A-D9C6-41B1-AFDE-15931B59F256}.Release|Any CPU.ActiveCfg = Release|Any CPU
		{7E166B6A-D9C6-41B1-AFDE-15931B59F256}.Release|Any CPU.Build.0 = Release|Any CPU
		{AA5C5B97-CE55-4B63-9D5B-81AE2361A3BB}.Debug|Any CPU.ActiveCfg = Debug|Any CPU
		{AA5C5B97-CE55-4B63-9D5B-81AE2361A3BB}.Debug|Any CPU.Build.0 = Debug|Any CPU
		{AA5C5B97-CE55-4B63-9D5B-81AE2361A3BB}.Release|Any CPU.ActiveCfg = Release|Any CPU
		{AA5C5B97-CE55-4B63-9D5B-81AE2361A3BB}.Release|Any CPU.Build.0 = Release|Any CPU
		{E9316F7E-DA17-43BB-85BF-93747A023F26}.Debug|Any CPU.ActiveCfg = Debug|Any CPU
		{E9316F7E-DA17-43BB-85BF-93747A023F26}.Debug|Any CPU.Build.0 = Debug|Any CPU
		{E9316F7E-DA17-43BB-85BF-93747A023F26}.Release|Any CPU.ActiveCfg = Release|Any CPU
		{E9316F7E-DA17-43BB-85BF-93747A023F26}.Release|Any CPU.Build.0 = Release|Any CPU
		{F9F60CBE-0A02-4752-A147-E97F782E6EAE}.Debug|Any CPU.ActiveCfg = Debug|Any CPU
		{F9F60CBE-0A02-4752-A147-E97F782E6EAE}.Debug|Any CPU.Build.0 = Debug|Any CPU
		{F9F60CBE-0A02-4752-A147-E97F782E6EAE}.Release|Any CPU.ActiveCfg = Release|Any CPU
		{F9F60CBE-0A02-4752-A147-E97F782E6EAE}.Release|Any CPU.Build.0 = Release|Any CPU
		{11C86F79-D609-470A-8D2D-4269C323E303}.Debug|Any CPU.ActiveCfg = Debug|Any CPU
		{11C86F79-D609-470A-8D2D-4269C323E303}.Debug|Any CPU.Build.0 = Debug|Any CPU
		{11C86F79-D609-470A-8D2D-4269C323E303}.Release|Any CPU.ActiveCfg = Release|Any CPU
		{11C86F79-D609-470A-8D2D-4269C323E303}.Release|Any CPU.Build.0 = Release|Any CPU
		{6DB0DA13-FED5-44C6-B0B9-45FD3F5950E9}.Debug|Any CPU.ActiveCfg = Debug|Any CPU
		{6DB0DA13-FED5-44C6-B0B9-45FD3F5950E9}.Debug|Any CPU.Build.0 = Debug|Any CPU
		{6DB0DA13-FED5-44C6-B0B9-45FD3F5950E9}.Release|Any CPU.ActiveCfg = Release|Any CPU
		{6DB0DA13-FED5-44C6-B0B9-45FD3F5950E9}.Release|Any CPU.Build.0 = Release|Any CPU
		{A98F6A85-4E42-40F6-B068-1AA9CB681C87}.Debug|Any CPU.ActiveCfg = Debug|Any CPU
		{A98F6A85-4E42-40F6-B068-1AA9CB681C87}.Debug|Any CPU.Build.0 = Debug|Any CPU
		{A98F6A85-4E42-40F6-B068-1AA9CB681C87}.Release|Any CPU.ActiveCfg = Release|Any CPU
		{A98F6A85-4E42-40F6-B068-1AA9CB681C87}.Release|Any CPU.Build.0 = Release|Any CPU
	EndGlobalSection
	GlobalSection(SolutionProperties) = preSolution
		HideSolutionNode = FALSE
	EndGlobalSection
	GlobalSection(NestedProjects) = preSolution
		{23263AA3-F09C-4957-B948-C72BECF621E7} = {4FF58268-5CEA-497B-B9C6-5EDCCBB8239F}
		{7E166B6A-D9C6-41B1-AFDE-15931B59F256} = {F11C461D-FE83-408A-B559-8DC0682E4AFA}
		{AA5C5B97-CE55-4B63-9D5B-81AE2361A3BB} = {AB4017CA-40C7-41DA-ACDE-8EA992D642CA}
		{E9316F7E-DA17-43BB-85BF-93747A023F26} = {D8E79B87-414E-4FA1-94C8-66376C2A2794}
		{F9F60CBE-0A02-4752-A147-E97F782E6EAE} = {F6CC59A7-C775-4F48-B2CC-7DE09383A417}
		{11C86F79-D609-470A-8D2D-4269C323E303} = {4FF58268-5CEA-497B-B9C6-5EDCCBB8239F}
		{6DB0DA13-FED5-44C6-B0B9-45FD3F5950E9} = {74D04AF6-87EE-4034-85BD-2D402DADD311}
		{A98F6A85-4E42-40F6-B068-1AA9CB681C87} = {8E58BDA1-4A3F-4D93-BBA4-DC3D5F1A2A0B}
	EndGlobalSection
	GlobalSection(ExtensibilityGlobals) = postSolution
		SolutionGuid = {1D8BDC44-C9EE-40E1-8162-F953E5A9BC26}
	EndGlobalSection
EndGlobal
